// !$*UTF8*$!
{
	archiveVersion = 1;
	classes = {
	};
	objectVersion = 46;
	objects = {

/* Begin PBXBuildFile section */
		4B7634641BC151E500900C34 /* AppDelegate.swift in Sources */ = {isa = PBXBuildFile; fileRef = 4B7634631BC151E500900C34 /* AppDelegate.swift */; };
		4B7634661BC151E500900C34 /* ViewController.swift in Sources */ = {isa = PBXBuildFile; fileRef = 4B7634651BC151E500900C34 /* ViewController.swift */; };
		4B7634691BC151E500900C34 /* Main.storyboard in Resources */ = {isa = PBXBuildFile; fileRef = 4B7634671BC151E500900C34 /* Main.storyboard */; };
		4B76346B1BC151E500900C34 /* Images.xcassets in Resources */ = {isa = PBXBuildFile; fileRef = 4B76346A1BC151E500900C34 /* Images.xcassets */; };
		4B76346E1BC151E500900C34 /* LaunchScreen.xib in Resources */ = {isa = PBXBuildFile; fileRef = 4B76346C1BC151E500900C34 /* LaunchScreen.xib */; };
		4B76347A1BC151E500900C34 /* PersonelTests.swift in Sources */ = {isa = PBXBuildFile; fileRef = 4B7634791BC151E500900C34 /* PersonelTests.swift */; };
		4B7634891BC1539F00900C34 /* IT.json in Resources */ = {isa = PBXBuildFile; fileRef = 4B7634881BC1539F00900C34 /* IT.json */; };
		4B76348B1BC1588900900C34 /* Employee.swift in Sources */ = {isa = PBXBuildFile; fileRef = 4B76348A1BC1588900900C34 /* Employee.swift */; };
		4B76348D1BC158E800900C34 /* Personnel.swift in Sources */ = {isa = PBXBuildFile; fileRef = 4B76348C1BC158E800900C34 /* Personnel.swift */; };
		4B76348F1BC15AA300900C34 /* EmployeesRetriever.swift in Sources */ = {isa = PBXBuildFile; fileRef = 4B76348E1BC15AA300900C34 /* EmployeesRetriever.swift */; };
/* End PBXBuildFile section */

/* Begin PBXContainerItemProxy section */
		4B7634741BC151E500900C34 /* PBXContainerItemProxy */ = {
			isa = PBXContainerItemProxy;
			containerPortal = 4B7634561BC151E500900C34 /* Project object */;
			proxyType = 1;
			remoteGlobalIDString = 4B76345D1BC151E500900C34;
			remoteInfo = Personel;
		};
/* End PBXContainerItemProxy section */

/* Begin PBXFileReference section */
		4B76345E1BC151E500900C34 /* Personel.app */ = {isa = PBXFileReference; explicitFileType = wrapper.application; includeInIndex = 0; path = Personel.app; sourceTree = BUILT_PRODUCTS_DIR; };
		4B7634621BC151E500900C34 /* Info.plist */ = {isa = PBXFileReference; lastKnownFileType = text.plist.xml; path = Info.plist; sourceTree = "<group>"; };
		4B7634631BC151E500900C34 /* AppDelegate.swift */ = {isa = PBXFileReference; lastKnownFileType = sourcecode.swift; path = AppDelegate.swift; sourceTree = "<group>"; };
		4B7634651BC151E500900C34 /* ViewController.swift */ = {isa = PBXFileReference; lastKnownFileType = sourcecode.swift; path = ViewController.swift; sourceTree = "<group>"; };
		4B7634681BC151E500900C34 /* Base */ = {isa = PBXFileReference; lastKnownFileType = file.storyboard; name = Base; path = Base.lproj/Main.storyboard; sourceTree = "<group>"; };
		4B76346A1BC151E500900C34 /* Images.xcassets */ = {isa = PBXFileReference; lastKnownFileType = folder.assetcatalog; path = Images.xcassets; sourceTree = "<group>"; };
		4B76346D1BC151E500900C34 /* Base */ = {isa = PBXFileReference; lastKnownFileType = file.xib; name = Base; path = Base.lproj/LaunchScreen.xib; sourceTree = "<group>"; };
		4B7634731BC151E500900C34 /* PersonelTests.xctest */ = {isa = PBXFileReference; explicitFileType = wrapper.cfbundle; includeInIndex = 0; path = PersonelTests.xctest; sourceTree = BUILT_PRODUCTS_DIR; };
		4B7634781BC151E500900C34 /* Info.plist */ = {isa = PBXFileReference; lastKnownFileType = text.plist.xml; path = Info.plist; sourceTree = "<group>"; };
		4B7634791BC151E500900C34 /* PersonelTests.swift */ = {isa = PBXFileReference; lastKnownFileType = sourcecode.swift; path = PersonelTests.swift; sourceTree = "<group>"; };
		4B7634881BC1539F00900C34 /* IT.json */ = {isa = PBXFileReference; fileEncoding = 4; lastKnownFileType = text.json; path = IT.json; sourceTree = "<group>"; };
		4B76348A1BC1588900900C34 /* Employee.swift */ = {isa = PBXFileReference; fileEncoding = 4; lastKnownFileType = sourcecode.swift; path = Employee.swift; sourceTree = "<group>"; };
		4B76348C1BC158E800900C34 /* Personnel.swift */ = {isa = PBXFileReference; fileEncoding = 4; lastKnownFileType = sourcecode.swift; path = Personnel.swift; sourceTree = "<group>"; };
		4B76348E1BC15AA300900C34 /* EmployeesRetriever.swift */ = {isa = PBXFileReference; fileEncoding = 4; lastKnownFileType = sourcecode.swift; path = EmployeesRetriever.swift; sourceTree = "<group>"; };
/* End PBXFileReference section */

/* Begin PBXFrameworksBuildPhase section */
		4B76345B1BC151E500900C34 /* Frameworks */ = {
			isa = PBXFrameworksBuildPhase;
			buildActionMask = 2147483647;
			files = (
			);
			runOnlyForDeploymentPostprocessing = 0;
		};
		4B7634701BC151E500900C34 /* Frameworks */ = {
			isa = PBXFrameworksBuildPhase;
			buildActionMask = 2147483647;
			files = (
			);
			runOnlyForDeploymentPostprocessing = 0;
		};
/* End PBXFrameworksBuildPhase section */

/* Begin PBXGroup section */
		4B7634551BC151E500900C34 = {
			isa = PBXGroup;
			children = (
				4B7634601BC151E500900C34 /* Personel */,
				4B7634761BC151E500900C34 /* PersonelTests */,
				4B76345F1BC151E500900C34 /* Products */,
			);
			sourceTree = "<group>";
		};
		4B76345F1BC151E500900C34 /* Products */ = {
			isa = PBXGroup;
			children = (
				4B76345E1BC151E500900C34 /* Personel.app */,
				4B7634731BC151E500900C34 /* PersonelTests.xctest */,
			);
			name = Products;
			sourceTree = "<group>";
		};
		4B7634601BC151E500900C34 /* Personel */ = {
			isa = PBXGroup;
			children = (
				4B7634631BC151E500900C34 /* AppDelegate.swift */,
				4B7634871BC1537900900C34 /* Model */,
				4B7634841BC1531500900C34 /* View */,
				4B7634831BC152EA00900C34 /* Controller */,
				4B76346A1BC151E500900C34 /* Images.xcassets */,
				4B76346C1BC151E500900C34 /* LaunchScreen.xib */,
				4B7634611BC151E500900C34 /* Supporting Files */,
			);
			path = Personel;
			sourceTree = "<group>";
		};
		4B7634611BC151E500900C34 /* Supporting Files */ = {
			isa = PBXGroup;
			children = (
				4B7634621BC151E500900C34 /* Info.plist */,
			);
			name = "Supporting Files";
			sourceTree = "<group>";
		};
		4B7634761BC151E500900C34 /* PersonelTests */ = {
			isa = PBXGroup;
			children = (
				4B7634791BC151E500900C34 /* PersonelTests.swift */,
				4B7634771BC151E500900C34 /* Supporting Files */,
			);
			path = PersonelTests;
			sourceTree = "<group>";
		};
		4B7634771BC151E500900C34 /* Supporting Files */ = {
			isa = PBXGroup;
			children = (
				4B7634781BC151E500900C34 /* Info.plist */,
			);
			name = "Supporting Files";
			sourceTree = "<group>";
		};
		4B7634831BC152EA00900C34 /* Controller */ = {
			isa = PBXGroup;
			children = (
				4B7634651BC151E500900C34 /* ViewController.swift */,
				4B76348E1BC15AA300900C34 /* EmployeesRetriever.swift */,
			);
			name = Controller;
			sourceTree = "<group>";
		};
		4B7634841BC1531500900C34 /* View */ = {
			isa = PBXGroup;
			children = (
				4B7634671BC151E500900C34 /* Main.storyboard */,
			);
			name = View;
			sourceTree = "<group>";
		};
		4B7634871BC1537900900C34 /* Model */ = {
			isa = PBXGroup;
			children = (
				4B76348C1BC158E800900C34 /* Personnel.swift */,
				4B76348A1BC1588900900C34 /* Employee.swift */,
				4B7634881BC1539F00900C34 /* IT.json */,
			);
			name = Model;
			sourceTree = "<group>";
		};
/* End PBXGroup section */

/* Begin PBXNativeTarget section */
		4B76345D1BC151E500900C34 /* Personel */ = {
			isa = PBXNativeTarget;
			buildConfigurationList = 4B76347D1BC151E500900C34 /* Build configuration list for PBXNativeTarget "Personel" */;
			buildPhases = (
				4B76345A1BC151E500900C34 /* Sources */,
				4B76345B1BC151E500900C34 /* Frameworks */,
				4B76345C1BC151E500900C34 /* Resources */,
			);
			buildRules = (
			);
			dependencies = (
			);
			name = Personel;
			productName = Personel;
			productReference = 4B76345E1BC151E500900C34 /* Personel.app */;
			productType = "com.apple.product-type.application";
		};
		4B7634721BC151E500900C34 /* PersonelTests */ = {
			isa = PBXNativeTarget;
			buildConfigurationList = 4B7634801BC151E500900C34 /* Build configuration list for PBXNativeTarget "PersonelTests" */;
			buildPhases = (
				4B76346F1BC151E500900C34 /* Sources */,
				4B7634701BC151E500900C34 /* Frameworks */,
				4B7634711BC151E500900C34 /* Resources */,
			);
			buildRules = (
			);
			dependencies = (
				4B7634751BC151E500900C34 /* PBXTargetDependency */,
			);
			name = PersonelTests;
			productName = PersonelTests;
			productReference = 4B7634731BC151E500900C34 /* PersonelTests.xctest */;
			productType = "com.apple.product-type.bundle.unit-test";
		};
/* End PBXNativeTarget section */

/* Begin PBXProject section */
		4B7634561BC151E500900C34 /* Project object */ = {
			isa = PBXProject;
			attributes = {
				LastUpgradeCheck = 0640;
				ORGANIZATIONNAME = Mohcine;
				TargetAttributes = {
					4B76345D1BC151E500900C34 = {
						CreatedOnToolsVersion = 6.4;
						DevelopmentTeam = N9362VAWBT;
					};
					4B7634721BC151E500900C34 = {
						CreatedOnToolsVersion = 6.4;
						TestTargetID = 4B76345D1BC151E500900C34;
					};
				};
			};
			buildConfigurationList = 4B7634591BC151E500900C34 /* Build configuration list for PBXProject "Personel" */;
			compatibilityVersion = "Xcode 3.2";
			developmentRegion = English;
			hasScannedForEncodings = 0;
			knownRegions = (
				en,
				Base,
			);
			mainGroup = 4B7634551BC151E500900C34;
			productRefGroup = 4B76345F1BC151E500900C34 /* Products */;
			projectDirPath = "";
			projectRoot = "";
			targets = (
				4B76345D1BC151E500900C34 /* Personel */,
				4B7634721BC151E500900C34 /* PersonelTests */,
			);
		};
/* End PBXProject section */

/* Begin PBXResourcesBuildPhase section */
		4B76345C1BC151E500900C34 /* Resources */ = {
			isa = PBXResourcesBuildPhase;
			buildActionMask = 2147483647;
			files = (
				4B7634891BC1539F00900C34 /* IT.json in Resources */,
				4B7634691BC151E500900C34 /* Main.storyboard in Resources */,
				4B76346E1BC151E500900C34 /* LaunchScreen.xib in Resources */,
				4B76346B1BC151E500900C34 /* Images.xcassets in Resources */,
			);
			runOnlyForDeploymentPostprocessing = 0;
		};
		4B7634711BC151E500900C34 /* Resources */ = {
			isa = PBXResourcesBuildPhase;
			buildActionMask = 2147483647;
			files = (
			);
			runOnlyForDeploymentPostprocessing = 0;
		};
/* End PBXResourcesBuildPhase section */

/* Begin PBXSourcesBuildPhase section */
		4B76345A1BC151E500900C34 /* Sources */ = {
			isa = PBXSourcesBuildPhase;
			buildActionMask = 2147483647;
			files = (
				4B76348D1BC158E800900C34 /* Personnel.swift in Sources */,
				4B7634661BC151E500900C34 /* ViewController.swift in Sources */,
				4B76348B1BC1588900900C34 /* Employee.swift in Sources */,
				4B7634641BC151E500900C34 /* AppDelegate.swift in Sources */,
				4B76348F1BC15AA300900C34 /* EmployeesRetriever.swift in Sources */,
			);
			runOnlyForDeploymentPostprocessing = 0;
		};
		4B76346F1BC151E500900C34 /* Sources */ = {
			isa = PBXSourcesBuildPhase;
			buildActionMask = 2147483647;
			files = (
				4B76347A1BC151E500900C34 /* PersonelTests.swift in Sources */,
			);
			runOnlyForDeploymentPostprocessing = 0;
		};
/* End PBXSourcesBuildPhase section */

/* Begin PBXTargetDependency section */
		4B7634751BC151E500900C34 /* PBXTargetDependency */ = {
			isa = PBXTargetDependency;
			target = 4B76345D1BC151E500900C34 /* Personel */;
			targetProxy = 4B7634741BC151E500900C34 /* PBXContainerItemProxy */;
		};
/* End PBXTargetDependency section */

/* Begin PBXVariantGroup section */
		4B7634671BC151E500900C34 /* Main.storyboard */ = {
			isa = PBXVariantGroup;
			children = (
				4B7634681BC151E500900C34 /* Base */,
			);
			name = Main.storyboard;
			sourceTree = "<group>";
		};
		4B76346C1BC151E500900C34 /* LaunchScreen.xib */ = {
			isa = PBXVariantGroup;
			children = (
				4B76346D1BC151E500900C34 /* Base */,
			);
			name = LaunchScreen.xib;
			sourceTree = "<group>";
		};
/* End PBXVariantGroup section */

/* Begin XCBuildConfiguration section */
		4B76347B1BC151E500900C34 /* Debug */ = {
			isa = XCBuildConfiguration;
			buildSettings = {
				ALWAYS_SEARCH_USER_PATHS = NO;
				CLANG_CXX_LANGUAGE_STANDARD = "gnu++0x";
				CLANG_CXX_LIBRARY = "libc++";
				CLANG_ENABLE_MODULES = YES;
				CLANG_ENABLE_OBJC_ARC = YES;
				CLANG_WARN_BOOL_CONVERSION = YES;
				CLANG_WARN_CONSTANT_CONVERSION = YES;
				CLANG_WARN_DIRECT_OBJC_ISA_USAGE = YES_ERROR;
				CLANG_WARN_EMPTY_BODY = YES;
				CLANG_WARN_ENUM_CONVERSION = YES;
				CLANG_WARN_INT_CONVERSION = YES;
				CLANG_WARN_OBJC_ROOT_CLASS = YES_ERROR;
				CLANG_WARN_UNREACHABLE_CODE = YES;
				CLANG_WARN__DUPLICATE_METHOD_MATCH = YES;
				"CODE_SIGN_IDENTITY[sdk=iphoneos*]" = "iPhone Developer";
				COPY_PHASE_STRIP = NO;
				DEBUG_INFORMATION_FORMAT = "dwarf-with-dsym";
				ENABLE_STRICT_OBJC_MSGSEND = YES;
				GCC_C_LANGUAGE_STANDARD = gnu99;
				GCC_DYNAMIC_NO_PIC = NO;
				GCC_NO_COMMON_BLOCKS = YES;
				GCC_OPTIMIZATION_LEVEL = 0;
				GCC_PREPROCESSOR_DEFINITIONS = (
					"DEBUG=1",
					"$(inherited)",
				);
				GCC_SYMBOLS_PRIVATE_EXTERN = NO;
				GCC_WARN_64_TO_32_BIT_CONVERSION = YES;
				GCC_WARN_ABOUT_RETURN_TYPE = YES_ERROR;
				GCC_WARN_UNDECLARED_SELECTOR = YES;
				GCC_WARN_UNINITIALIZED_AUTOS = YES_AGGRESSIVE;
				GCC_WARN_UNUSED_FUNCTION = YES;
				GCC_WARN_UNUSED_VARIABLE = YES;
				IPHONEOS_DEPLOYMENT_TARGET = 8.4;
				MTL_ENABLE_DEBUG_INFO = YES;
				ONLY_ACTIVE_ARCH = YES;
				SDKROOT = iphoneos;
				SWIFT_OPTIMIZATION_LEVEL = "-Onone";
			};
			name = Debug;
		};
		4B76347C1BC151E500900C34 /* Release */ = {
			isa = XCBuildConfiguration;
			buildSettings = {
				ALWAYS_SEARCH_USER_PATHS = NO;
				CLANG_CXX_LANGUAGE_STANDARD = "gnu++0x";
				CLANG_CXX_LIBRARY = "libc++";
				CLANG_ENABLE_MODULES = YES;
				CLANG_ENABLE_OBJC_ARC = YES;
				CLANG_WARN_BOOL_CONVERSION = YES;
				CLANG_WARN_CONSTANT_CONVERSION = YES;
				CLANG_WARN_DIRECT_OBJC_ISA_USAGE = YES_ERROR;
				CLANG_WARN_EMPTY_BODY = YES;
				CLANG_WARN_ENUM_CONVERSION = YES;
				CLANG_WARN_INT_CONVERSION = YES;
				CLANG_WARN_OBJC_ROOT_CLASS = YES_ERROR;
				CLANG_WARN_UNREACHABLE_CODE = YES;
				CLANG_WARN__DUPLICATE_METHOD_MATCH = YES;
				"CODE_SIGN_IDENTITY[sdk=iphoneos*]" = "iPhone Developer";
				COPY_PHASE_STRIP = NO;
				DEBUG_INFORMATION_FORMAT = "dwarf-with-dsym";
				ENABLE_NS_ASSERTIONS = NO;
				ENABLE_STRICT_OBJC_MSGSEND = YES;
				GCC_C_LANGUAGE_STANDARD = gnu99;
				GCC_NO_COMMON_BLOCKS = YES;
				GCC_WARN_64_TO_32_BIT_CONVERSION = YES;
				GCC_WARN_ABOUT_RETURN_TYPE = YES_ERROR;
				GCC_WARN_UNDECLARED_SELECTOR = YES;
				GCC_WARN_UNINITIALIZED_AUTOS = YES_AGGRESSIVE;
				GCC_WARN_UNUSED_FUNCTION = YES;
				GCC_WARN_UNUSED_VARIABLE = YES;
				IPHONEOS_DEPLOYMENT_TARGET = 8.4;
				MTL_ENABLE_DEBUG_INFO = NO;
				SDKROOT = iphoneos;
				VALIDATE_PRODUCT = YES;
			};
			name = Release;
		};
		4B76347E1BC151E500900C34 /* Debug */ = {
			isa = XCBuildConfiguration;
			buildSettings = {
				ASSETCATALOG_COMPILER_APPICON_NAME = AppIcon;
				ASSETCATALOG_COMPILER_LAUNCHIMAGE_NAME = LaunchImage;
				CODE_SIGN_IDENTITY = "iPhone Developer";
				INFOPLIST_FILE = Personel/Info.plist;
				IPHONEOS_DEPLOYMENT_TARGET = 7.0;
				LD_RUNPATH_SEARCH_PATHS = "$(inherited) @executable_path/Frameworks";
				PRODUCT_NAME = "$(TARGET_NAME)";
			};
			name = Debug;
		};
		4B76347F1BC151E500900C34 /* Release */ = {
			isa = XCBuildConfiguration;
			buildSettings = {
				ASSETCATALOG_COMPILER_APPICON_NAME = AppIcon;
				ASSETCATALOG_COMPILER_LAUNCHIMAGE_NAME = LaunchImage;
				CODE_SIGN_IDENTITY = "iPhone Developer";
				INFOPLIST_FILE = Personel/Info.plist;
				IPHONEOS_DEPLOYMENT_TARGET = 7.0;
				LD_RUNPATH_SEARCH_PATHS = "$(inherited) @executable_path/Frameworks";
				PRODUCT_NAME = "$(TARGET_NAME)";
			};
			name = Release;
		};
		4B7634811BC151E500900C34 /* Debug */ = {
			isa = XCBuildConfiguration;
			buildSettings = {
				BUNDLE_LOADER = "$(TEST_HOST)";
				FRAMEWORK_SEARCH_PATHS = (
					"$(SDKROOT)/Developer/Library/Frameworks",
					"$(inherited)",
				);
				GCC_PREPROCESSOR_DEFINITIONS = (
					"DEBUG=1",
					"$(inherited)",
				);
				INFOPLIST_FILE = PersonelTests/Info.plist;
				LD_RUNPATH_SEARCH_PATHS = "$(inherited) @executable_path/Frameworks @loader_path/Frameworks";
				PRODUCT_NAME = "$(TARGET_NAME)";
				TEST_HOST = "$(BUILT_PRODUCTS_DIR)/Personel.app/Personel";
			};
			name = Debug;
		};
		4B7634821BC151E500900C34 /* Release */ = {
			isa = XCBuildConfiguration;
			buildSettings = {
				BUNDLE_LOADER = "$(TEST_HOST)";
				FRAMEWORK_SEARCH_PATHS = (
					"$(SDKROOT)/Developer/Library/Frameworks",
					"$(inherited)",
				);
				INFOPLIST_FILE = PersonelTests/Info.plist;
				LD_RUNPATH_SEARCH_PATHS = "$(inherited) @executable_path/Frameworks @loader_path/Frameworks";
				PRODUCT_NAME = "$(TARGET_NAME)";
				TEST_HOST = "$(BUILT_PRODUCTS_DIR)/Personel.app/Personel";
			};
			name = Release;
		};
/* End XCBuildConfiguration section */

/* Begin XCConfigurationList section */
		4B7634591BC151E500900C34 /* Build configuration list for PBXProject "Personel" */ = {
			isa = XCConfigurationList;
			buildConfigurations = (
				4B76347B1BC151E500900C34 /* Debug */,
				4B76347C1BC151E500900C34 /* Release */,
			);
			defaultConfigurationIsVisible = 0;
			defaultConfigurationName = Release;
		};
		4B76347D1BC151E500900C34 /* Build configuration list for PBXNativeTarget "Personel" */ = {
			isa = XCConfigurationList;
			buildConfigurations = (
				4B76347E1BC151E500900C34 /* Debug */,
				4B76347F1BC151E500900C34 /* Release */,
			);
			defaultConfigurationIsVisible = 0;
		};
		4B7634801BC151E500900C34 /* Build configuration list for PBXNativeTarget "PersonelTests" */ = {
			isa = XCConfigurationList;
			buildConfigurations = (
				4B7634811BC151E500900C34 /* Debug */,
				4B7634821BC151E500900C34 /* Release */,
			);
			defaultConfigurationIsVisible = 0;
		};
/* End XCConfigurationList section */
	};
	rootObject = 4B7634561BC151E500900C34 /* Project object */;
}
